// !$*UTF8*$!
{ archiveVersion = 1; classes = {}; objectVersion = 77;
objects = {
36992FD9EFCC35941EC8F506 = { isa = PBXFileReference; explicitFileType = wrapper.application; path = "Veyra.app"; sourceTree = BUILT_PRODUCTS_DIR; };
58CC5E9864928D8B251BC462 = { isa = PBXFileReference; explicitFileType = wrapper.cfbundle; path = VeyraTests.xctest; sourceTree = BUILT_PRODUCTS_DIR; };
FBDC4F23F93125BBEEAE800C = { isa = PBXGroup; name = Products; children = (36992FD9EFCC35941EC8F506, 58CC5E9864928D8B251BC462,); sourceTree = "<group>"; };
DF8774BFDA87C9C220EAA410 = { isa = PBXFileSystemSynchronizedBuildFileExceptionSet; membershipExceptions = ("Info.plist",); target = 874E7FD7A39CF1D6319F589D; };
8D39F405223D10FF6202BF69 = { isa = PBXFileSystemSynchronizedBuildFileExceptionSet; membershipExceptions = ("App/MonitorStore.swift", "App/UpdateStore.swift", "Core/AppServerClient.swift", "Core/AppUpdate.swift", "Core/CodexLocation.swift", "Core/JSONValue.swift", "Core/LocalTaskReader.swift", "Core/Localization.swift", "Core/Models.swift", "Core/PanelSizing.swift", "Core/PollingScheduler.swift", "Core/ProcessEvidence.swift", "Core/QuotaPolicy.swift", "Core/ResetCredits.swift", "Core/RolloutDisplay.swift", "Core/RolloutReader.swift", "Core/SQLiteReader.swift", "Core/TaskPresentation.swift", "Resources/Localizable.xcstrings",); target = 279DDEE9C1A8F87AE4AC93D5; };
13873464D30AE81489813373 = { isa = PBXFileSystemSynchronizedRootGroup; exceptions = (DF8774BFDA87C9C220EAA410, 8D39F405223D10FF6202BF69,); explicitFileTypes = {}; explicitFolders = (); path = Veyra; sourceTree = "<group>"; };
912BFD68A157D1B6AF8F868F = { isa = PBXFileSystemSynchronizedRootGroup; explicitFileTypes = {}; explicitFolders = (); path = VeyraTests; sourceTree = "<group>"; };
870B3294C0CBD48AF6BBCC1B = { isa = PBXGroup; children = (13873464D30AE81489813373, 912BFD68A157D1B6AF8F868F, FBDC4F23F93125BBEEAE800C,); sourceTree = "<group>"; };
949D493B91791558E87BC5D7 = { isa = PBXSourcesBuildPhase; buildActionMask = 2147483647; files = (); runOnlyForDeploymentPostprocessing = 0; };
BD92572B49AC16A86614498D = { isa = PBXFrameworksBuildPhase; buildActionMask = 2147483647; files = (); runOnlyForDeploymentPostprocessing = 0; };
8ECC8B5D05B79F879ACDF1A2 = { isa = PBXResourcesBuildPhase; buildActionMask = 2147483647; files = (); runOnlyForDeploymentPostprocessing = 0; };
F8975E934DA2067E0E497395 = { isa = XCBuildConfiguration; buildSettings = { SDKROOT = macosx; MACOSX_DEPLOYMENT_TARGET = 14.0; SWIFT_VERSION = 6.0;
SWIFT_STRICT_CONCURRENCY = complete; CLANG_ENABLE_MODULES = YES; CLANG_ENABLE_OBJC_WEAK = YES;
CODE_SIGN_STYLE = Manual; CODE_SIGN_IDENTITY = "-"; ENABLE_APP_SANDBOX = NO;
DEAD_CODE_STRIPPING = YES;
OTHER_LDFLAGS = "$(inherited) -lsqlite3"; COMBINE_HIDPI_IMAGES = YES; ENABLE_HARDENED_RUNTIME = YES; SWIFT_OPTIMIZATION_LEVEL = "-Onone"; ENABLE_TESTABILITY = YES; DEBUG_INFORMATION_FORMAT = dwarf; SWIFT_ACTIVE_COMPILATION_CONDITIONS = DEBUG; PRODUCT_NAME = "Veyra"; PRODUCT_BUNDLE_IDENTIFIER = local.codexmonitor.app; INFOPLIST_FILE = Veyra/Info.plist; INFOPLIST_KEY_LSApplicationCategoryType = "public.app-category.developer-tools"; LD_RUNPATH_SEARCH_PATHS = "$(inherited) @executable_path/../Frameworks"; }; name = Debug; };
F72D4F08E84CA4C7F809A7CF = { isa = XCBuildConfiguration; buildSettings = { SDKROOT = macosx; MACOSX_DEPLOYMENT_TARGET = 14.0; SWIFT_VERSION = 6.0;
SWIFT_STRICT_CONCURRENCY = complete; CLANG_ENABLE_MODULES = YES; CLANG_ENABLE_OBJC_WEAK = YES;
CODE_SIGN_STYLE = Manual; CODE_SIGN_IDENTITY = "-"; ENABLE_APP_SANDBOX = NO;
DEAD_CODE_STRIPPING = YES;
OTHER_LDFLAGS = "$(inherited) -lsqlite3"; COMBINE_HIDPI_IMAGES = YES; ENABLE_HARDENED_RUNTIME = YES; SWIFT_OPTIMIZATION_LEVEL = "-O"; DEBUG_INFORMATION_FORMAT = "dwarf-with-dsym"; PRODUCT_NAME = "Veyra"; PRODUCT_BUNDLE_IDENTIFIER = local.codexmonitor.app; INFOPLIST_FILE = Veyra/Info.plist; INFOPLIST_KEY_LSApplicationCategoryType = "public.app-category.developer-tools"; LD_RUNPATH_SEARCH_PATHS = "$(inherited) @executable_path/../Frameworks"; }; name = Release; };
4867F1BF372A84237FA0A5A7 = { isa = XCConfigurationList; buildConfigurations = (F8975E934DA2067E0E497395, F72D4F08E84CA4C7F809A7CF,); defaultConfigurationIsVisible = 0; defaultConfigurationName = Release; };
874E7FD7A39CF1D6319F589D = { isa = PBXNativeTarget; buildConfigurationList = 4867F1BF372A84237FA0A5A7; buildPhases = (949D493B91791558E87BC5D7, BD92572B49AC16A86614498D, 8ECC8B5D05B79F879ACDF1A2,); buildRules = (); dependencies = (); fileSystemSynchronizedGroups = (13873464D30AE81489813373,); name = Veyra; productName = Veyra; productReference = 36992FD9EFCC35941EC8F506; productType = "com.apple.product-type.application"; };
77A03FEE20FE96AD9384861E = { isa = PBXSourcesBuildPhase; buildActionMask = 2147483647; files = (); runOnlyForDeploymentPostprocessing = 0; };
E05DB79C430AA1B0BA487AFC = { isa = PBXFrameworksBuildPhase; buildActionMask = 2147483647; files = (); runOnlyForDeploymentPostprocessing = 0; };
D5C76E148680C094C001AC35 = { isa = PBXResourcesBuildPhase; buildActionMask = 2147483647; files = (); runOnlyForDeploymentPostprocessing = 0; };
C449802CFC00FE43A29E0F19 = { isa = XCBuildConfiguration; buildSettings = { SDKROOT = macosx; MACOSX_DEPLOYMENT_TARGET = 14.0; SWIFT_VERSION = 6.0;
SWIFT_STRICT_CONCURRENCY = complete; CLANG_ENABLE_MODULES = YES; CLANG_ENABLE_OBJC_WEAK = YES;
CODE_SIGN_STYLE = Manual; CODE_SIGN_IDENTITY = "-"; ENABLE_APP_SANDBOX = NO;
DEAD_CODE_STRIPPING = YES;
OTHER_LDFLAGS = "$(inherited) -lsqlite3"; COMBINE_HIDPI_IMAGES = YES; ENABLE_HARDENED_RUNTIME = NO; SWIFT_OPTIMIZATION_LEVEL = "-Onone"; ENABLE_TESTABILITY = YES; DEBUG_INFORMATION_FORMAT = dwarf; SWIFT_ACTIVE_COMPILATION_CONDITIONS = DEBUG; PRODUCT_NAME = VeyraTests; PRODUCT_BUNDLE_IDENTIFIER = local.codexmonitor.tests; GENERATE_INFOPLIST_FILE = YES; TEST_HOST = ""; BUNDLE_LOADER = ""; }; name = Debug; };
C4D458CFDB61996E24F4F16F = { isa = XCBuildConfiguration; buildSettings = { SDKROOT = macosx; MACOSX_DEPLOYMENT_TARGET = 14.0; SWIFT_VERSION = 6.0;
SWIFT_STRICT_CONCURRENCY = complete; CLANG_ENABLE_MODULES = YES; CLANG_ENABLE_OBJC_WEAK = YES;
CODE_SIGN_STYLE = Manual; CODE_SIGN_IDENTITY = "-"; ENABLE_APP_SANDBOX = NO;
DEAD_CODE_STRIPPING = YES;
OTHER_LDFLAGS = "$(inherited) -lsqlite3"; COMBINE_HIDPI_IMAGES = YES; ENABLE_HARDENED_RUNTIME = NO; SWIFT_OPTIMIZATION_LEVEL = "-O"; DEBUG_INFORMATION_FORMAT = "dwarf-with-dsym"; PRODUCT_NAME = VeyraTests; PRODUCT_BUNDLE_IDENTIFIER = local.codexmonitor.tests; GENERATE_INFOPLIST_FILE = YES; TEST_HOST = ""; BUNDLE_LOADER = ""; }; name = Release; };
19170B56EA5642A46C383F29 = { isa = XCConfigurationList; buildConfigurations = (C449802CFC00FE43A29E0F19, C4D458CFDB61996E24F4F16F,); defaultConfigurationIsVisible = 0; defaultConfigurationName = Release; };
279DDEE9C1A8F87AE4AC93D5 = { isa = PBXNativeTarget; buildConfigurationList = 19170B56EA5642A46C383F29; buildPhases = (77A03FEE20FE96AD9384861E, E05DB79C430AA1B0BA487AFC, D5C76E148680C094C001AC35,); buildRules = (); dependencies = (); fileSystemSynchronizedGroups = (912BFD68A157D1B6AF8F868F,); name = VeyraTests; productName = VeyraTests; productReference = 58CC5E9864928D8B251BC462; productType = "com.apple.product-type.bundle.unit-test"; };
ED8772ADEC3A6C25161BC957 = { isa = XCBuildConfiguration; buildSettings = {
CLANG_ENABLE_MODULES = YES; DEAD_CODE_STRIPPING = YES; ENABLE_USER_SCRIPT_SANDBOXING = YES;
CLANG_WARN_BLOCK_CAPTURE_AUTORELEASING = YES;
CLANG_WARN_BOOL_CONVERSION = YES; CLANG_WARN_COMMA = YES;
CLANG_WARN_CONSTANT_CONVERSION = YES; CLANG_WARN_DEPRECATED_OBJC_IMPLEMENTATIONS = YES;
CLANG_WARN_DIRECT_OBJC_ISA_USAGE = YES_ERROR; CLANG_WARN_DOCUMENTATION_COMMENTS = YES;
CLANG_WARN_EMPTY_BODY = YES; CLANG_WARN_ENUM_CONVERSION = YES;
CLANG_WARN_INFINITE_RECURSION = YES; CLANG_WARN_INT_CONVERSION = YES;
CLANG_WARN_NON_LITERAL_NULL_CONVERSION = YES; CLANG_WARN_OBJC_IMPLICIT_RETAIN_SELF = YES;
CLANG_WARN_OBJC_LITERAL_CONVERSION = YES; CLANG_WARN_OBJC_ROOT_CLASS = YES_ERROR;
CLANG_WARN_QUOTED_INCLUDE_IN_FRAMEWORK_HEADER = YES; CLANG_WARN_RANGE_LOOP_ANALYSIS = YES;
CLANG_WARN_STRICT_PROTOTYPES = YES; CLANG_WARN_SUSPICIOUS_MOVE = YES;
CLANG_WARN_UNGUARDED_AVAILABILITY = YES_AGGRESSIVE; CLANG_WARN_UNREACHABLE_CODE = YES;
CLANG_WARN__DUPLICATE_METHOD_MATCH = YES; ENABLE_STRICT_OBJC_MSGSEND = YES;
GCC_NO_COMMON_BLOCKS = YES; GCC_WARN_64_TO_32_BIT_CONVERSION = YES;
GCC_WARN_ABOUT_RETURN_TYPE = YES_ERROR; GCC_WARN_UNDECLARED_SELECTOR = YES;
GCC_WARN_UNINITIALIZED_AUTOS = YES_AGGRESSIVE; GCC_WARN_UNUSED_FUNCTION = YES;
GCC_WARN_UNUSED_VARIABLE = YES;
ENABLE_TESTABILITY = YES; ONLY_ACTIVE_ARCH = YES;
}; name = Debug; };
00F209874A1F7309F6DCEAA7 = { isa = XCBuildConfiguration; buildSettings = {
CLANG_ENABLE_MODULES = YES; DEAD_CODE_STRIPPING = YES; ENABLE_USER_SCRIPT_SANDBOXING = YES;
CLANG_WARN_BLOCK_CAPTURE_AUTORELEASING = YES;
CLANG_WARN_BOOL_CONVERSION = YES; CLANG_WARN_COMMA = YES;
CLANG_WARN_CONSTANT_CONVERSION = YES; CLANG_WARN_DEPRECATED_OBJC_IMPLEMENTATIONS = YES;
CLANG_WARN_DIRECT_OBJC_ISA_USAGE = YES_ERROR; CLANG_WARN_DOCUMENTATION_COMMENTS = YES;
CLANG_WARN_EMPTY_BODY = YES; CLANG_WARN_ENUM_CONVERSION = YES;
CLANG_WARN_INFINITE_RECURSION = YES; CLANG_WARN_INT_CONVERSION = YES;
CLANG_WARN_NON_LITERAL_NULL_CONVERSION = YES; CLANG_WARN_OBJC_IMPLICIT_RETAIN_SELF = YES;
CLANG_WARN_OBJC_LITERAL_CONVERSION = YES; CLANG_WARN_OBJC_ROOT_CLASS = YES_ERROR;
CLANG_WARN_QUOTED_INCLUDE_IN_FRAMEWORK_HEADER = YES; CLANG_WARN_RANGE_LOOP_ANALYSIS = YES;
CLANG_WARN_STRICT_PROTOTYPES = YES; CLANG_WARN_SUSPICIOUS_MOVE = YES;
CLANG_WARN_UNGUARDED_AVAILABILITY = YES_AGGRESSIVE; CLANG_WARN_UNREACHABLE_CODE = YES;
CLANG_WARN__DUPLICATE_METHOD_MATCH = YES; ENABLE_STRICT_OBJC_MSGSEND = YES;
GCC_NO_COMMON_BLOCKS = YES; GCC_WARN_64_TO_32_BIT_CONVERSION = YES;
GCC_WARN_ABOUT_RETURN_TYPE = YES_ERROR; GCC_WARN_UNDECLARED_SELECTOR = YES;
GCC_WARN_UNINITIALIZED_AUTOS = YES_AGGRESSIVE; GCC_WARN_UNUSED_FUNCTION = YES;
GCC_WARN_UNUSED_VARIABLE = YES;
SWIFT_COMPILATION_MODE = wholemodule;
}; name = Release; };
640DC9EFD529235A8D9E2727 = { isa = XCConfigurationList; buildConfigurations = (ED8772ADEC3A6C25161BC957, 00F209874A1F7309F6DCEAA7,); defaultConfigurationIsVisible = 0; defaultConfigurationName = Release; };
98F54143AB4E86B28C3AFEE0 = { isa = PBXProject; attributes = { BuildIndependentTargetsInParallel = YES; LastUpgradeCheck = 2660; };
buildConfigurationList = 640DC9EFD529235A8D9E2727; preferredProjectObjectVersion = 77;
developmentRegion = en; hasScannedForEncodings = 0; knownRegions = (en, "zh-Hans", Base,);
mainGroup = 870B3294C0CBD48AF6BBCC1B; productRefGroup = FBDC4F23F93125BBEEAE800C; projectDirPath = "";
projectRoot = ""; targets = (874E7FD7A39CF1D6319F589D, 279DDEE9C1A8F87AE4AC93D5,); };
}; rootObject = 98F54143AB4E86B28C3AFEE0;
}
