// !$*UTF8*$!
{ archiveVersion = 1; classes = {}; objectVersion = 56;
objects = {
C267052C7DB20EFD4200263E = { isa = PBXFileReference; lastKnownFileType = sourcecode.swift; path = "Veyra/Core/AppServerClient.swift"; sourceTree = "<group>"; };
9E3CAAE0D095A141391109A4 = { isa = PBXFileReference; lastKnownFileType = sourcecode.swift; path = "Veyra/Core/CodexLocation.swift"; sourceTree = "<group>"; };
0790CFC54EEEB7B04086E19F = { isa = PBXFileReference; lastKnownFileType = sourcecode.swift; path = "Veyra/Core/JSONValue.swift"; sourceTree = "<group>"; };
60EC7AC08610A5401C70BFA2 = { isa = PBXFileReference; lastKnownFileType = sourcecode.swift; path = "Veyra/Core/LocalTaskReader.swift"; sourceTree = "<group>"; };
7091BA29808160089A6C1F21 = { isa = PBXFileReference; lastKnownFileType = sourcecode.swift; path = "Veyra/Core/Models.swift"; sourceTree = "<group>"; };
A78A5098A25BE7234433DDE2 = { isa = PBXFileReference; lastKnownFileType = sourcecode.swift; path = "Veyra/Core/PanelSizing.swift"; sourceTree = "<group>"; };
C68CA1ADBDE4ADF275935147 = { isa = PBXFileReference; lastKnownFileType = sourcecode.swift; path = "Veyra/Core/PollingScheduler.swift"; sourceTree = "<group>"; };
6E4FA75EA1BD7097EBD87188 = { isa = PBXFileReference; lastKnownFileType = sourcecode.swift; path = "Veyra/Core/ProcessEvidence.swift"; sourceTree = "<group>"; };
06D34CBF81745995541F1A5D = { isa = PBXFileReference; lastKnownFileType = sourcecode.swift; path = "Veyra/Core/QuotaPolicy.swift"; sourceTree = "<group>"; };
553255C22AF92C33FB9946D3 = { isa = PBXFileReference; lastKnownFileType = sourcecode.swift; path = "Veyra/Core/ResetCredits.swift"; sourceTree = "<group>"; };
0396CEC622F0CCAE348BADFF = { isa = PBXFileReference; lastKnownFileType = sourcecode.swift; path = "Veyra/Core/RolloutDisplay.swift"; sourceTree = "<group>"; };
4A6F05074760B1BC602D46CA = { isa = PBXFileReference; lastKnownFileType = sourcecode.swift; path = "Veyra/Core/RolloutReader.swift"; sourceTree = "<group>"; };
E203F2603F6CFD25425A2BD1 = { isa = PBXFileReference; lastKnownFileType = sourcecode.swift; path = "Veyra/Core/SQLiteReader.swift"; sourceTree = "<group>"; };
6693C779D17629C48D9169C5 = { isa = PBXFileReference; lastKnownFileType = sourcecode.swift; path = "Veyra/Core/TaskPresentation.swift"; sourceTree = "<group>"; };
72E9E20082550F5E42408471 = { isa = PBXFileReference; lastKnownFileType = sourcecode.swift; path = "Veyra/App/ControlCenterStyle.swift"; sourceTree = "<group>"; };
9BC0D53BF5FDC7A3C2AEBC77 = { isa = PBXFileReference; lastKnownFileType = sourcecode.swift; path = "Veyra/App/Diagnostics.swift"; sourceTree = "<group>"; };
669EBB3BB7B8190725FD72C6 = { isa = PBXFileReference; lastKnownFileType = sourcecode.swift; path = "Veyra/App/MonitorPanel.swift"; sourceTree = "<group>"; };
C73E7465060BDB9677196B4F = { isa = PBXFileReference; lastKnownFileType = sourcecode.swift; path = "Veyra/App/MonitorSettings.swift"; sourceTree = "<group>"; };
4DAB2C7BD7AF93DA9585E9EC = { isa = PBXFileReference; lastKnownFileType = sourcecode.swift; path = "Veyra/App/MonitorStore.swift"; sourceTree = "<group>"; };
1B8E15F6281F823E90CFA3EE = { isa = PBXFileReference; lastKnownFileType = sourcecode.swift; path = "Veyra/App/PanelWindowReader.swift"; sourceTree = "<group>"; };
668863EB3BA67A6F8ECA730A = { isa = PBXFileReference; lastKnownFileType = sourcecode.swift; path = "Veyra/App/PreviewSupport.swift"; sourceTree = "<group>"; };
C778A8CA693D89C67D63ABB5 = { isa = PBXFileReference; lastKnownFileType = sourcecode.swift; path = "Veyra/App/VeyraApp.swift"; sourceTree = "<group>"; };
E33E7BAD4F47E74317CA6D7E = { isa = PBXFileReference; lastKnownFileType = sourcecode.swift; path = "Veyra/App/VeyraIcon.swift"; sourceTree = "<group>"; };
1162A9EF42210B0A0D074E15 = { isa = PBXFileReference; lastKnownFileType = sourcecode.swift; path = "VeyraTests/AppServerClientTests.swift"; sourceTree = "<group>"; };
7510268B598A35860EB88D35 = { isa = PBXFileReference; lastKnownFileType = sourcecode.swift; path = "VeyraTests/CoreTests.swift"; sourceTree = "<group>"; };
15DBE5B948679E2D9E5FE77D = { isa = PBXFileReference; lastKnownFileType = sourcecode.swift; path = "VeyraTests/LocalTaskCacheTests.swift"; sourceTree = "<group>"; };
9A606FDFC373DEA9B213E52A = { isa = PBXFileReference; lastKnownFileType = sourcecode.swift; path = "VeyraTests/MonitorStoreTests.swift"; sourceTree = "<group>"; };
B0CA651155DDA0CF398263CE = { isa = PBXFileReference; lastKnownFileType = sourcecode.swift; path = "VeyraTests/PanelSizingTests.swift"; sourceTree = "<group>"; };
383291B63F214A0501CEF08A = { isa = PBXFileReference; lastKnownFileType = sourcecode.swift; path = "VeyraTests/PollingSchedulerTests.swift"; sourceTree = "<group>"; };
78CCBE18571D5BF8AE4BE6DF = { isa = PBXFileReference; lastKnownFileType = sourcecode.swift; path = "VeyraTests/QuotaPolicyTests.swift"; sourceTree = "<group>"; };
2DD0989E3B9341EF956E287B = { isa = PBXFileReference; lastKnownFileType = sourcecode.swift; path = "VeyraTests/ResetCreditsTests.swift"; sourceTree = "<group>"; };
13070FA58BF6245BCB9B27EE = { isa = PBXFileReference; lastKnownFileType = sourcecode.swift; path = "VeyraTests/RolloutDisplayTests.swift"; sourceTree = "<group>"; };
0F29812671BEDEEDB6C755C1 = { isa = PBXFileReference; lastKnownFileType = sourcecode.swift; path = "VeyraTests/RolloutReaderTests.swift"; sourceTree = "<group>"; };
C54C2006D5B00235032180E7 = { isa = PBXFileReference; lastKnownFileType = sourcecode.swift; path = "VeyraTests/TaskPresentationTests.swift"; sourceTree = "<group>"; };
993CF94C1A5D14015335217E = { isa = PBXFileReference; lastKnownFileType = sourcecode.swift; path = "VeyraTests/TaskResolutionTests.swift"; sourceTree = "<group>"; };
59BD0A3FF43B32849B319E64 = { isa = PBXFileReference; lastKnownFileType = text.plist.xml; path = Veyra/Info.plist; sourceTree = "<group>"; };
F8995BA5891B07E328C60D6B = { isa = PBXFileReference; lastKnownFileType = image.icns; path = Veyra/AppIcon.icns; sourceTree = "<group>"; };
6AF61B1962C56FF1D9E94B84 = { isa = PBXBuildFile; fileRef = F8995BA5891B07E328C60D6B; };
9F71219387DE7DCF0B94AA0A = { isa = PBXFileReference; lastKnownFileType = image.png; path = "Veyra/Resources/VeyraMark.png"; sourceTree = "<group>"; };
912126E0DC9C1CA8029E67EA = { isa = PBXBuildFile; fileRef = 9F71219387DE7DCF0B94AA0A; };
78632E608731F3E214E0802A = { isa = PBXFileReference; lastKnownFileType = image.png; path = "Veyra/Resources/VeyraWordmark.png"; sourceTree = "<group>"; };
3C7692335B76BDDE1342D226 = { isa = PBXBuildFile; fileRef = 78632E608731F3E214E0802A; };
36992FD9EFCC35941EC8F506 = { isa = PBXFileReference; explicitFileType = wrapper.application; path = "Veyra.app"; sourceTree = BUILT_PRODUCTS_DIR; };
58CC5E9864928D8B251BC462 = { isa = PBXFileReference; explicitFileType = wrapper.cfbundle; path = VeyraTests.xctest; sourceTree = BUILT_PRODUCTS_DIR; };
FBDC4F23F93125BBEEAE800C = { isa = PBXGroup; name = Products; children = (36992FD9EFCC35941EC8F506, 58CC5E9864928D8B251BC462,); sourceTree = "<group>"; };
870B3294C0CBD48AF6BBCC1B = { isa = PBXGroup; children = (C267052C7DB20EFD4200263E, 9E3CAAE0D095A141391109A4, 0790CFC54EEEB7B04086E19F, 60EC7AC08610A5401C70BFA2, 7091BA29808160089A6C1F21, A78A5098A25BE7234433DDE2, C68CA1ADBDE4ADF275935147, 6E4FA75EA1BD7097EBD87188, 06D34CBF81745995541F1A5D, 553255C22AF92C33FB9946D3, 0396CEC622F0CCAE348BADFF, 4A6F05074760B1BC602D46CA, E203F2603F6CFD25425A2BD1, 6693C779D17629C48D9169C5, 72E9E20082550F5E42408471, 9BC0D53BF5FDC7A3C2AEBC77, 669EBB3BB7B8190725FD72C6, C73E7465060BDB9677196B4F, 4DAB2C7BD7AF93DA9585E9EC, 1B8E15F6281F823E90CFA3EE, 668863EB3BA67A6F8ECA730A, C778A8CA693D89C67D63ABB5, E33E7BAD4F47E74317CA6D7E, 1162A9EF42210B0A0D074E15, 7510268B598A35860EB88D35, 15DBE5B948679E2D9E5FE77D, 9A606FDFC373DEA9B213E52A, B0CA651155DDA0CF398263CE, 383291B63F214A0501CEF08A, 78CCBE18571D5BF8AE4BE6DF, 2DD0989E3B9341EF956E287B, 13070FA58BF6245BCB9B27EE, 0F29812671BEDEEDB6C755C1, C54C2006D5B00235032180E7, 993CF94C1A5D14015335217E, 59BD0A3FF43B32849B319E64, F8995BA5891B07E328C60D6B, 9F71219387DE7DCF0B94AA0A, 78632E608731F3E214E0802A, FBDC4F23F93125BBEEAE800C,); sourceTree = "<group>"; };
6CA6390CAF9729E697EC31DF = { isa = PBXBuildFile; fileRef = C267052C7DB20EFD4200263E; };
4C03FCE0CE2F66C744C5931B = { isa = PBXBuildFile; fileRef = 9E3CAAE0D095A141391109A4; };
AE6918B0D5285BFE4B4925E9 = { isa = PBXBuildFile; fileRef = 0790CFC54EEEB7B04086E19F; };
DE9F9F408A74A0276D6180F6 = { isa = PBXBuildFile; fileRef = 60EC7AC08610A5401C70BFA2; };
1505A47615F0B32CACD79D2E = { isa = PBXBuildFile; fileRef = 7091BA29808160089A6C1F21; };
64A3862C87501A321918723F = { isa = PBXBuildFile; fileRef = A78A5098A25BE7234433DDE2; };
9F407D6946857374495BFC2A = { isa = PBXBuildFile; fileRef = C68CA1ADBDE4ADF275935147; };
2B4FA005FE31ECDF132934FB = { isa = PBXBuildFile; fileRef = 6E4FA75EA1BD7097EBD87188; };
EFAB47887A2E15FA5BE35822 = { isa = PBXBuildFile; fileRef = 06D34CBF81745995541F1A5D; };
511574C25EB83EE00A59A6C6 = { isa = PBXBuildFile; fileRef = 553255C22AF92C33FB9946D3; };
EFDBFF6780CEA78E89F651DF = { isa = PBXBuildFile; fileRef = 0396CEC622F0CCAE348BADFF; };
C0B32502CB246A2328E99831 = { isa = PBXBuildFile; fileRef = 4A6F05074760B1BC602D46CA; };
A7FDB6842739B96696F6615D = { isa = PBXBuildFile; fileRef = E203F2603F6CFD25425A2BD1; };
15863A4ED95B2F995F36FB78 = { isa = PBXBuildFile; fileRef = 6693C779D17629C48D9169C5; };
F6870C136D1D89BA53A374BA = { isa = PBXBuildFile; fileRef = 72E9E20082550F5E42408471; };
DC2C68F098102E02F765ED1C = { isa = PBXBuildFile; fileRef = 9BC0D53BF5FDC7A3C2AEBC77; };
BD75F52DD735AC3B83B9C2BE = { isa = PBXBuildFile; fileRef = 669EBB3BB7B8190725FD72C6; };
A15F1F6D79475451414693E9 = { isa = PBXBuildFile; fileRef = C73E7465060BDB9677196B4F; };
97DB50BA911B63AC47764457 = { isa = PBXBuildFile; fileRef = 4DAB2C7BD7AF93DA9585E9EC; };
48023B0B9DAA6E33684FB10D = { isa = PBXBuildFile; fileRef = 1B8E15F6281F823E90CFA3EE; };
7790D4928476CA7959532014 = { isa = PBXBuildFile; fileRef = 668863EB3BA67A6F8ECA730A; };
1C8F9D8F985E46034D6B0DCA = { isa = PBXBuildFile; fileRef = C778A8CA693D89C67D63ABB5; };
439CB3AA2B78DFD237B6D91D = { isa = PBXBuildFile; fileRef = E33E7BAD4F47E74317CA6D7E; };
949D493B91791558E87BC5D7 = { isa = PBXSourcesBuildPhase; buildActionMask = 2147483647; files = (6CA6390CAF9729E697EC31DF, 4C03FCE0CE2F66C744C5931B, AE6918B0D5285BFE4B4925E9, DE9F9F408A74A0276D6180F6, 1505A47615F0B32CACD79D2E, 64A3862C87501A321918723F, 9F407D6946857374495BFC2A, 2B4FA005FE31ECDF132934FB, EFAB47887A2E15FA5BE35822, 511574C25EB83EE00A59A6C6, EFDBFF6780CEA78E89F651DF, C0B32502CB246A2328E99831, A7FDB6842739B96696F6615D, 15863A4ED95B2F995F36FB78, F6870C136D1D89BA53A374BA, DC2C68F098102E02F765ED1C, BD75F52DD735AC3B83B9C2BE, A15F1F6D79475451414693E9, 97DB50BA911B63AC47764457, 48023B0B9DAA6E33684FB10D, 7790D4928476CA7959532014, 1C8F9D8F985E46034D6B0DCA, 439CB3AA2B78DFD237B6D91D,); runOnlyForDeploymentPostprocessing = 0; };
BD92572B49AC16A86614498D = { isa = PBXFrameworksBuildPhase; buildActionMask = 2147483647; files = (); runOnlyForDeploymentPostprocessing = 0; };
8ECC8B5D05B79F879ACDF1A2 = { isa = PBXResourcesBuildPhase; buildActionMask = 2147483647; files = (6AF61B1962C56FF1D9E94B84, 912126E0DC9C1CA8029E67EA, 3C7692335B76BDDE1342D226,); runOnlyForDeploymentPostprocessing = 0; };
F8975E934DA2067E0E497395 = { isa = XCBuildConfiguration; buildSettings = { SDKROOT = macosx; MACOSX_DEPLOYMENT_TARGET = 14.0; SWIFT_VERSION = 6.0;
SWIFT_STRICT_CONCURRENCY = complete; CLANG_ENABLE_MODULES = YES; CLANG_ENABLE_OBJC_WEAK = YES;
CODE_SIGN_STYLE = Manual; CODE_SIGN_IDENTITY = "-"; ENABLE_APP_SANDBOX = NO;
DEAD_CODE_STRIPPING = YES;
OTHER_LDFLAGS = "$(inherited) -lsqlite3"; COMBINE_HIDPI_IMAGES = YES; ENABLE_HARDENED_RUNTIME = YES; SWIFT_OPTIMIZATION_LEVEL = "-Onone"; ENABLE_TESTABILITY = YES; DEBUG_INFORMATION_FORMAT = dwarf; SWIFT_ACTIVE_COMPILATION_CONDITIONS = DEBUG; PRODUCT_NAME = "Veyra"; PRODUCT_BUNDLE_IDENTIFIER = local.codexmonitor.app; INFOPLIST_FILE = Veyra/Info.plist; INFOPLIST_KEY_LSApplicationCategoryType = "public.app-category.developer-tools"; LD_RUNPATH_SEARCH_PATHS = "$(inherited) @executable_path/../Frameworks"; }; name = Debug; };
F72D4F08E84CA4C7F809A7CF = { isa = XCBuildConfiguration; buildSettings = { SDKROOT = macosx; MACOSX_DEPLOYMENT_TARGET = 14.0; SWIFT_VERSION = 6.0;
SWIFT_STRICT_CONCURRENCY = complete; CLANG_ENABLE_MODULES = YES; CLANG_ENABLE_OBJC_WEAK = YES;
CODE_SIGN_STYLE = Manual; CODE_SIGN_IDENTITY = "-"; ENABLE_APP_SANDBOX = NO;
DEAD_CODE_STRIPPING = YES;
OTHER_LDFLAGS = "$(inherited) -lsqlite3"; COMBINE_HIDPI_IMAGES = YES; ENABLE_HARDENED_RUNTIME = YES; SWIFT_OPTIMIZATION_LEVEL = "-O"; DEBUG_INFORMATION_FORMAT = "dwarf-with-dsym"; PRODUCT_NAME = "Veyra"; PRODUCT_BUNDLE_IDENTIFIER = local.codexmonitor.app; INFOPLIST_FILE = Veyra/Info.plist; INFOPLIST_KEY_LSApplicationCategoryType = "public.app-category.developer-tools"; LD_RUNPATH_SEARCH_PATHS = "$(inherited) @executable_path/../Frameworks"; }; name = Release; };
4867F1BF372A84237FA0A5A7 = { isa = XCConfigurationList; buildConfigurations = (F8975E934DA2067E0E497395, F72D4F08E84CA4C7F809A7CF,); defaultConfigurationIsVisible = 0; defaultConfigurationName = Release; };
874E7FD7A39CF1D6319F589D = { isa = PBXNativeTarget; buildConfigurationList = 4867F1BF372A84237FA0A5A7; buildPhases = (949D493B91791558E87BC5D7, BD92572B49AC16A86614498D, 8ECC8B5D05B79F879ACDF1A2,); buildRules = (); dependencies = (); name = Veyra; productName = Veyra; productReference = 36992FD9EFCC35941EC8F506; productType = "com.apple.product-type.application"; };
4D2997CDC25FEFA9DDE803B9 = { isa = PBXBuildFile; fileRef = C267052C7DB20EFD4200263E; };
8663608F2B6838964CA8F5B0 = { isa = PBXBuildFile; fileRef = 9E3CAAE0D095A141391109A4; };
9DC372062586488B013279D8 = { isa = PBXBuildFile; fileRef = 0790CFC54EEEB7B04086E19F; };
00EC022F0FEBF24C42C0486A = { isa = PBXBuildFile; fileRef = 60EC7AC08610A5401C70BFA2; };
4A10266AB1DB46B99EE5A551 = { isa = PBXBuildFile; fileRef = 7091BA29808160089A6C1F21; };
2DB72174770F44498592E9B3 = { isa = PBXBuildFile; fileRef = A78A5098A25BE7234433DDE2; };
5AFDB5022ABE51BA477E9FE4 = { isa = PBXBuildFile; fileRef = C68CA1ADBDE4ADF275935147; };
F800F4AD1A8F2960994D7CEA = { isa = PBXBuildFile; fileRef = 6E4FA75EA1BD7097EBD87188; };
9585629218BE09C88804F84D = { isa = PBXBuildFile; fileRef = 06D34CBF81745995541F1A5D; };
EF80A93DCB9D97FE03BCC086 = { isa = PBXBuildFile; fileRef = 553255C22AF92C33FB9946D3; };
21C099E9399E4B80FA042BC8 = { isa = PBXBuildFile; fileRef = 0396CEC622F0CCAE348BADFF; };
C7C244AAA869A2CEED718BEF = { isa = PBXBuildFile; fileRef = 4A6F05074760B1BC602D46CA; };
6B7CC4F4ACE365E0FB442A2B = { isa = PBXBuildFile; fileRef = E203F2603F6CFD25425A2BD1; };
3B5143CFDABF1827B786530B = { isa = PBXBuildFile; fileRef = 6693C779D17629C48D9169C5; };
D591B09C5D8E2B07AECA3EBD = { isa = PBXBuildFile; fileRef = 4DAB2C7BD7AF93DA9585E9EC; };
47CDD1AD53E39B39FF125DE0 = { isa = PBXBuildFile; fileRef = 1162A9EF42210B0A0D074E15; };
61E2E71D8EC7B917884F5B06 = { isa = PBXBuildFile; fileRef = 7510268B598A35860EB88D35; };
E65397DF10D82553A01A3B8E = { isa = PBXBuildFile; fileRef = 15DBE5B948679E2D9E5FE77D; };
0816385D1E46FA86E20F7851 = { isa = PBXBuildFile; fileRef = 9A606FDFC373DEA9B213E52A; };
1A2E5F5C4BE6FEB284A154EA = { isa = PBXBuildFile; fileRef = B0CA651155DDA0CF398263CE; };
F84B79FA08389468AAFC6939 = { isa = PBXBuildFile; fileRef = 383291B63F214A0501CEF08A; };
40C80B8261DE014ECD7C4736 = { isa = PBXBuildFile; fileRef = 78CCBE18571D5BF8AE4BE6DF; };
EEF90D4F476424FCF2B3D312 = { isa = PBXBuildFile; fileRef = 2DD0989E3B9341EF956E287B; };
26488C031BFCE996F27F1913 = { isa = PBXBuildFile; fileRef = 13070FA58BF6245BCB9B27EE; };
111DB897BD8B6BF37C58185C = { isa = PBXBuildFile; fileRef = 0F29812671BEDEEDB6C755C1; };
787A4BCD630F60C7ED0C1A7E = { isa = PBXBuildFile; fileRef = C54C2006D5B00235032180E7; };
1F3C4C3BECD1872ECD47D2D2 = { isa = PBXBuildFile; fileRef = 993CF94C1A5D14015335217E; };
77A03FEE20FE96AD9384861E = { isa = PBXSourcesBuildPhase; buildActionMask = 2147483647; files = (4D2997CDC25FEFA9DDE803B9, 8663608F2B6838964CA8F5B0, 9DC372062586488B013279D8, 00EC022F0FEBF24C42C0486A, 4A10266AB1DB46B99EE5A551, 2DB72174770F44498592E9B3, 5AFDB5022ABE51BA477E9FE4, F800F4AD1A8F2960994D7CEA, 9585629218BE09C88804F84D, EF80A93DCB9D97FE03BCC086, 21C099E9399E4B80FA042BC8, C7C244AAA869A2CEED718BEF, 6B7CC4F4ACE365E0FB442A2B, 3B5143CFDABF1827B786530B, D591B09C5D8E2B07AECA3EBD, 47CDD1AD53E39B39FF125DE0, 61E2E71D8EC7B917884F5B06, E65397DF10D82553A01A3B8E, 0816385D1E46FA86E20F7851, 1A2E5F5C4BE6FEB284A154EA, F84B79FA08389468AAFC6939, 40C80B8261DE014ECD7C4736, EEF90D4F476424FCF2B3D312, 26488C031BFCE996F27F1913, 111DB897BD8B6BF37C58185C, 787A4BCD630F60C7ED0C1A7E, 1F3C4C3BECD1872ECD47D2D2,); runOnlyForDeploymentPostprocessing = 0; };
E05DB79C430AA1B0BA487AFC = { isa = PBXFrameworksBuildPhase; buildActionMask = 2147483647; files = (); runOnlyForDeploymentPostprocessing = 0; };
D5C76E148680C094C001AC35 = { isa = PBXResourcesBuildPhase; buildActionMask = 2147483647; files = (); runOnlyForDeploymentPostprocessing = 0; };
C449802CFC00FE43A29E0F19 = { isa = XCBuildConfiguration; buildSettings = { SDKROOT = macosx; MACOSX_DEPLOYMENT_TARGET = 14.0; SWIFT_VERSION = 6.0;
SWIFT_STRICT_CONCURRENCY = complete; CLANG_ENABLE_MODULES = YES; CLANG_ENABLE_OBJC_WEAK = YES;
CODE_SIGN_STYLE = Manual; CODE_SIGN_IDENTITY = "-"; ENABLE_APP_SANDBOX = NO;
DEAD_CODE_STRIPPING = YES;
OTHER_LDFLAGS = "$(inherited) -lsqlite3"; COMBINE_HIDPI_IMAGES = YES; ENABLE_HARDENED_RUNTIME = NO; SWIFT_OPTIMIZATION_LEVEL = "-Onone"; ENABLE_TESTABILITY = YES; DEBUG_INFORMATION_FORMAT = dwarf; SWIFT_ACTIVE_COMPILATION_CONDITIONS = DEBUG; PRODUCT_NAME = VeyraTests; PRODUCT_BUNDLE_IDENTIFIER = local.codexmonitor.tests; GENERATE_INFOPLIST_FILE = YES; TEST_HOST = ""; BUNDLE_LOADER = ""; }; name = Debug; };
C4D458CFDB61996E24F4F16F = { isa = XCBuildConfiguration; buildSettings = { SDKROOT = macosx; MACOSX_DEPLOYMENT_TARGET = 14.0; SWIFT_VERSION = 6.0;
SWIFT_STRICT_CONCURRENCY = complete; CLANG_ENABLE_MODULES = YES; CLANG_ENABLE_OBJC_WEAK = YES;
CODE_SIGN_STYLE = Manual; CODE_SIGN_IDENTITY = "-"; ENABLE_APP_SANDBOX = NO;
DEAD_CODE_STRIPPING = YES;
OTHER_LDFLAGS = "$(inherited) -lsqlite3"; COMBINE_HIDPI_IMAGES = YES; ENABLE_HARDENED_RUNTIME = NO; SWIFT_OPTIMIZATION_LEVEL = "-O"; DEBUG_INFORMATION_FORMAT = "dwarf-with-dsym"; PRODUCT_NAME = VeyraTests; PRODUCT_BUNDLE_IDENTIFIER = local.codexmonitor.tests; GENERATE_INFOPLIST_FILE = YES; TEST_HOST = ""; BUNDLE_LOADER = ""; }; name = Release; };
19170B56EA5642A46C383F29 = { isa = XCConfigurationList; buildConfigurations = (C449802CFC00FE43A29E0F19, C4D458CFDB61996E24F4F16F,); defaultConfigurationIsVisible = 0; defaultConfigurationName = Release; };
279DDEE9C1A8F87AE4AC93D5 = { isa = PBXNativeTarget; buildConfigurationList = 19170B56EA5642A46C383F29; buildPhases = (77A03FEE20FE96AD9384861E, E05DB79C430AA1B0BA487AFC, D5C76E148680C094C001AC35,); buildRules = (); dependencies = (); name = VeyraTests; productName = VeyraTests; productReference = 58CC5E9864928D8B251BC462; productType = "com.apple.product-type.bundle.unit-test"; };
ED8772ADEC3A6C25161BC957 = { isa = XCBuildConfiguration; buildSettings = {
CLANG_ENABLE_MODULES = YES; DEAD_CODE_STRIPPING = YES; ENABLE_USER_SCRIPT_SANDBOXING = YES;
CLANG_WARN_BLOCK_CAPTURE_AUTORELEASING = YES;
CLANG_WARN_BOOL_CONVERSION = YES; CLANG_WARN_COMMA = YES;
CLANG_WARN_CONSTANT_CONVERSION = YES; CLANG_WARN_DEPRECATED_OBJC_IMPLEMENTATIONS = YES;
CLANG_WARN_DIRECT_OBJC_ISA_USAGE = YES_ERROR; CLANG_WARN_DOCUMENTATION_COMMENTS = YES;
CLANG_WARN_EMPTY_BODY = YES; CLANG_WARN_ENUM_CONVERSION = YES;
CLANG_WARN_INFINITE_RECURSION = YES; CLANG_WARN_INT_CONVERSION = YES;
CLANG_WARN_NON_LITERAL_NULL_CONVERSION = YES; CLANG_WARN_OBJC_IMPLICIT_RETAIN_SELF = YES;
CLANG_WARN_OBJC_LITERAL_CONVERSION = YES; CLANG_WARN_OBJC_ROOT_CLASS = YES_ERROR;
CLANG_WARN_QUOTED_INCLUDE_IN_FRAMEWORK_HEADER = YES; CLANG_WARN_RANGE_LOOP_ANALYSIS = YES;
CLANG_WARN_STRICT_PROTOTYPES = YES; CLANG_WARN_SUSPICIOUS_MOVE = YES;
CLANG_WARN_UNGUARDED_AVAILABILITY = YES_AGGRESSIVE; CLANG_WARN_UNREACHABLE_CODE = YES;
CLANG_WARN__DUPLICATE_METHOD_MATCH = YES; ENABLE_STRICT_OBJC_MSGSEND = YES;
GCC_NO_COMMON_BLOCKS = YES; GCC_WARN_64_TO_32_BIT_CONVERSION = YES;
GCC_WARN_ABOUT_RETURN_TYPE = YES_ERROR; GCC_WARN_UNDECLARED_SELECTOR = YES;
GCC_WARN_UNINITIALIZED_AUTOS = YES_AGGRESSIVE; GCC_WARN_UNUSED_FUNCTION = YES;
GCC_WARN_UNUSED_VARIABLE = YES;
ENABLE_TESTABILITY = YES; ONLY_ACTIVE_ARCH = YES;
}; name = Debug; };
00F209874A1F7309F6DCEAA7 = { isa = XCBuildConfiguration; buildSettings = {
CLANG_ENABLE_MODULES = YES; DEAD_CODE_STRIPPING = YES; ENABLE_USER_SCRIPT_SANDBOXING = YES;
CLANG_WARN_BLOCK_CAPTURE_AUTORELEASING = YES;
CLANG_WARN_BOOL_CONVERSION = YES; CLANG_WARN_COMMA = YES;
CLANG_WARN_CONSTANT_CONVERSION = YES; CLANG_WARN_DEPRECATED_OBJC_IMPLEMENTATIONS = YES;
CLANG_WARN_DIRECT_OBJC_ISA_USAGE = YES_ERROR; CLANG_WARN_DOCUMENTATION_COMMENTS = YES;
CLANG_WARN_EMPTY_BODY = YES; CLANG_WARN_ENUM_CONVERSION = YES;
CLANG_WARN_INFINITE_RECURSION = YES; CLANG_WARN_INT_CONVERSION = YES;
CLANG_WARN_NON_LITERAL_NULL_CONVERSION = YES; CLANG_WARN_OBJC_IMPLICIT_RETAIN_SELF = YES;
CLANG_WARN_OBJC_LITERAL_CONVERSION = YES; CLANG_WARN_OBJC_ROOT_CLASS = YES_ERROR;
CLANG_WARN_QUOTED_INCLUDE_IN_FRAMEWORK_HEADER = YES; CLANG_WARN_RANGE_LOOP_ANALYSIS = YES;
CLANG_WARN_STRICT_PROTOTYPES = YES; CLANG_WARN_SUSPICIOUS_MOVE = YES;
CLANG_WARN_UNGUARDED_AVAILABILITY = YES_AGGRESSIVE; CLANG_WARN_UNREACHABLE_CODE = YES;
CLANG_WARN__DUPLICATE_METHOD_MATCH = YES; ENABLE_STRICT_OBJC_MSGSEND = YES;
GCC_NO_COMMON_BLOCKS = YES; GCC_WARN_64_TO_32_BIT_CONVERSION = YES;
GCC_WARN_ABOUT_RETURN_TYPE = YES_ERROR; GCC_WARN_UNDECLARED_SELECTOR = YES;
GCC_WARN_UNINITIALIZED_AUTOS = YES_AGGRESSIVE; GCC_WARN_UNUSED_FUNCTION = YES;
GCC_WARN_UNUSED_VARIABLE = YES;
SWIFT_COMPILATION_MODE = wholemodule;
}; name = Release; };
640DC9EFD529235A8D9E2727 = { isa = XCConfigurationList; buildConfigurations = (ED8772ADEC3A6C25161BC957, 00F209874A1F7309F6DCEAA7,); defaultConfigurationIsVisible = 0; defaultConfigurationName = Release; };
98F54143AB4E86B28C3AFEE0 = { isa = PBXProject; attributes = { BuildIndependentTargetsInParallel = YES; LastUpgradeCheck = 2660; };
buildConfigurationList = 640DC9EFD529235A8D9E2727; compatibilityVersion = "Xcode 14.0";
developmentRegion = zh_CN; hasScannedForEncodings = 0; knownRegions = (zh_CN, en, Base,);
mainGroup = 870B3294C0CBD48AF6BBCC1B; productRefGroup = FBDC4F23F93125BBEEAE800C; projectDirPath = "";
projectRoot = ""; targets = (874E7FD7A39CF1D6319F589D, 279DDEE9C1A8F87AE4AC93D5,); };
}; rootObject = 98F54143AB4E86B28C3AFEE0;
}
